{
  "name": "paramagic",
  "version": "0.1.0",
  "lockfileVersion": 3,
  "requires": true,
  "packages": {
    "": {
      "name": "paramagic",
      "version": "0.1.0",
      "dependencies": {
        "@techstark/opencv-js": "^5.0.0-release.1"
      },
      "devDependencies": {}
    },
    "node_modules/@techstark/opencv-js": {
      "version": "5.0.0-release.1",
      "resolved": "https://registry.npmjs.org/@techstark/opencv-js/-/opencv-js-5.0.0-release.1.tgz",
      "integrity": "sha512-PIm+eB0MFtieXoNC2GRao0dv/02sehG+Nv2nSW5D6pQm6J/4WqvDHm0RyoqOmGYQm67jdGiaOdIeTShCY3PIUg==",
      "license": "Apache-2.0"
    }
  }
}
